
Microsoft Visual Studio Solution File, Format Version 12.00
# Visual Studio Version 17
VisualStudioVersion = 17.8.34330.188
MinimumVisualStudioVersion = 10.0.40219.1
Project("{9A19103F-16F7-4668-BE54-9A1E7A4F7556}") = "Or1gn RPG", "Or1gn RPG\Or1gn RPG.csproj", "{CCC7CEBE-9998-4E2B-A825-54ED69BE5904}"
EndProject
Project("{9A19103F-16F7-4668-BE54-9A1E7A4F7556}") = "Core", "Core\Core.csproj", "{2F00782E-038B-4B92-B915-ECB2E5FA22E2}"
EndProject
Global
	GlobalSection(SolutionConfigurationPlatforms) = preSolution
		Debug|Any CPU = Debug|Any CPU
		Release|Any CPU = Release|Any CPU
	EndGlobalSection
	GlobalSection(ProjectConfigurationPlatforms) = postSolution
		{CCC7CEBE-9998-4E2B-A825-54ED69BE5904}.Debug|Any CPU.ActiveCfg = Debug|Any CPU
		{CCC7CEBE-9998-4E2B-A825-54ED69BE5904}.Debug|Any CPU.Build.0 = Debug|Any CPU
		{CCC7CEBE-9998-4E2B-A825-54ED69BE5904}.Release|Any CPU.ActiveCfg = Release|Any CPU
		{CCC7CEBE-9998-4E2B-A825-54ED69BE5904}.Release|Any CPU.Build.0 = Release|Any CPU
		{2F00782E-038B-4B92-B915-ECB2E5FA22E2}.Debug|Any CPU.ActiveCfg = Debug|Any CPU
		{2F00782E-038B-4B92-B915-ECB2E5FA22E2}.Debug|Any CPU.Build.0 = Debug|Any CPU
		{2F00782E-038B-4B92-B915-ECB2E5FA22E2}.Release|Any CPU.ActiveCfg = Release|Any CPU
		{2F00782E-038B-4B92-B915-ECB2E5FA22E2}.Release|Any CPU.Build.0 = Release|Any CPU
	EndGlobalSection
	GlobalSection(SolutionProperties) = preSolution
		HideSolutionNode = FALSE
	EndGlobalSection
	GlobalSection(ExtensibilityGlobals) = postSolution
		SolutionGuid = {66B60FD3-2922-41A9-BAE4-E44303A21758}
	EndGlobalSection
EndGlobal
